// !$*UTF8*$!
{
	archiveVersion = 1;
	classes = {
	};
	objectVersion = 46;
	objects = {

/* Begin PBXBuildFile section */
		DE1E4C771824BEC1005B51E4 /* main.storyboard in Resources */ = {isa = PBXBuildFile; fileRef = DE1E4C761824BEC1005B51E4 /* main.storyboard */; };
		DE1E4C791824D53C005B51E4 /* grass.jpg in Resources */ = {isa = PBXBuildFile; fileRef = DE1E4C781824D53C005B51E4 /* grass.jpg */; };
		DE260B031824A618000CFFEF /* Foundation.framework in Frameworks */ = {isa = PBXBuildFile; fileRef = DE260B021824A618000CFFEF /* Foundation.framework */; };
		DE260B051824A618000CFFEF /* CoreGraphics.framework in Frameworks */ = {isa = PBXBuildFile; fileRef = DE260B041824A618000CFFEF /* CoreGraphics.framework */; };
		DE260B071824A618000CFFEF /* UIKit.framework in Frameworks */ = {isa = PBXBuildFile; fileRef = DE260B061824A618000CFFEF /* UIKit.framework */; };
		DE260B0D1824A618000CFFEF /* InfoPlist.strings in Resources */ = {isa = PBXBuildFile; fileRef = DE260B0B1824A618000CFFEF /* InfoPlist.strings */; };
		DE260B0F1824A618000CFFEF /* main.m in Sources */ = {isa = PBXBuildFile; fileRef = DE260B0E1824A618000CFFEF /* main.m */; };
		DE260B131824A618000CFFEF /* AppDelegate.m in Sources */ = {isa = PBXBuildFile; fileRef = DE260B121824A618000CFFEF /* AppDelegate.m */; };
		DE260B151824A618000CFFEF /* Images.xcassets in Resources */ = {isa = PBXBuildFile; fileRef = DE260B141824A618000CFFEF /* Images.xcassets */; };
		DE260B1C1824A618000CFFEF /* XCTest.framework in Frameworks */ = {isa = PBXBuildFile; fileRef = DE260B1B1824A618000CFFEF /* XCTest.framework */; };
		DE260B1D1824A618000CFFEF /* Foundation.framework in Frameworks */ = {isa = PBXBuildFile; fileRef = DE260B021824A618000CFFEF /* Foundation.framework */; };
		DE260B1E1824A618000CFFEF /* UIKit.framework in Frameworks */ = {isa = PBXBuildFile; fileRef = DE260B061824A618000CFFEF /* UIKit.framework */; };
		DE260B261824A618000CFFEF /* InfoPlist.strings in Resources */ = {isa = PBXBuildFile; fileRef = DE260B241824A618000CFFEF /* InfoPlist.strings */; };
		DE260B281824A618000CFFEF /* SuperUIviewTests.m in Sources */ = {isa = PBXBuildFile; fileRef = DE260B271824A618000CFFEF /* SuperUIviewTests.m */; };
		DE260B361824A944000CFFEF /* ViewController.m in Sources */ = {isa = PBXBuildFile; fileRef = DE260B341824A944000CFFEF /* ViewController.m */; };
		DE9E1BC11824FDC800226B70 /* Mario.png in Resources */ = {isa = PBXBuildFile; fileRef = DE9E1BC01824FDC800226B70 /* Mario.png */; };
		DE9E1BC41825023200226B70 /* ViewController2.m in Sources */ = {isa = PBXBuildFile; fileRef = DE9E1BC31825023200226B70 /* ViewController2.m */; };
		DE9E1BCA18250FF000226B70 /* ball1.png in Resources */ = {isa = PBXBuildFile; fileRef = DE9E1BC918250FF000226B70 /* ball1.png */; };
		DEA0F0E51825A42D00094A68 /* ball2.png in Resources */ = {isa = PBXBuildFile; fileRef = DEA0F0E41825A42D00094A68 /* ball2.png */; };
/* End PBXBuildFile section */

/* Begin PBXContainerItemProxy section */
		DE260B1F1824A618000CFFEF /* PBXContainerItemProxy */ = {
			isa = PBXContainerItemProxy;
			containerPortal = DE260AF71824A618000CFFEF /* Project object */;
			proxyType = 1;
			remoteGlobalIDString = DE260AFE1824A618000CFFEF;
			remoteInfo = SuperUIview;
		};
/* End PBXContainerItemProxy section */

/* Begin PBXFileReference section */
		DE1E4C761824BEC1005B51E4 /* main.storyboard */ = {isa = PBXFileReference; fileEncoding = 4; lastKnownFileType = file.storyboard; path = main.storyboard; sourceTree = "<group>"; };
		DE1E4C781824D53C005B51E4 /* grass.jpg */ = {isa = PBXFileReference; lastKnownFileType = image.jpeg; path = grass.jpg; sourceTree = "<group>"; };
		DE260AFF1824A618000CFFEF /* SuperUIview.app */ = {isa = PBXFileReference; explicitFileType = wrapper.application; includeInIndex = 0; path = SuperUIview.app; sourceTree = BUILT_PRODUCTS_DIR; };
		DE260B021824A618000CFFEF /* Foundation.framework */ = {isa = PBXFileReference; lastKnownFileType = wrapper.framework; name = Foundation.framework; path = System/Library/Frameworks/Foundation.framework; sourceTree = SDKROOT; };
		DE260B041824A618000CFFEF /* CoreGraphics.framework */ = {isa = PBXFileReference; lastKnownFileType = wrapper.framework; name = CoreGraphics.framework; path = System/Library/Frameworks/CoreGraphics.framework; sourceTree = SDKROOT; };
		DE260B061824A618000CFFEF /* UIKit.framework */ = {isa = PBXFileReference; lastKnownFileType = wrapper.framework; name = UIKit.framework; path = System/Library/Frameworks/UIKit.framework; sourceTree = SDKROOT; };
		DE260B0A1824A618000CFFEF /* SuperUIview-Info.plist */ = {isa = PBXFileReference; lastKnownFileType = text.plist.xml; path = "SuperUIview-Info.plist"; sourceTree = "<group>"; };
		DE260B0C1824A618000CFFEF /* en */ = {isa = PBXFileReference; lastKnownFileType = text.plist.strings; name = en; path = en.lproj/InfoPlist.strings; sourceTree = "<group>"; };
		DE260B0E1824A618000CFFEF /* main.m */ = {isa = PBXFileReference; lastKnownFileType = sourcecode.c.objc; path = main.m; sourceTree = "<group>"; };
		DE260B101824A618000CFFEF /* SuperUIview-Prefix.pch */ = {isa = PBXFileReference; lastKnownFileType = sourcecode.c.h; path = "SuperUIview-Prefix.pch"; sourceTree = "<group>"; };
		DE260B111824A618000CFFEF /* AppDelegate.h */ = {isa = PBXFileReference; lastKnownFileType = sourcecode.c.h; path = AppDelegate.h; sourceTree = "<group>"; };
		DE260B121824A618000CFFEF /* AppDelegate.m */ = {isa = PBXFileReference; lastKnownFileType = sourcecode.c.objc; path = AppDelegate.m; sourceTree = "<group>"; };
		DE260B141824A618000CFFEF /* Images.xcassets */ = {isa = PBXFileReference; lastKnownFileType = folder.assetcatalog; path = Images.xcassets; sourceTree = "<group>"; };
		DE260B1A1824A618000CFFEF /* SuperUIviewTests.xctest */ = {isa = PBXFileReference; explicitFileType = wrapper.cfbundle; includeInIndex = 0; path = SuperUIviewTests.xctest; sourceTree = BUILT_PRODUCTS_DIR; };
		DE260B1B1824A618000CFFEF /* XCTest.framework */ = {isa = PBXFileReference; lastKnownFileType = wrapper.framework; name = XCTest.framework; path = Library/Frameworks/XCTest.framework; sourceTree = DEVELOPER_DIR; };
		DE260B231824A618000CFFEF /* SuperUIviewTests-Info.plist */ = {isa = PBXFileReference; lastKnownFileType = text.plist.xml; path = "SuperUIviewTests-Info.plist"; sourceTree = "<group>"; };
		DE260B251824A618000CFFEF /* en */ = {isa = PBXFileReference; lastKnownFileType = text.plist.strings; name = en; path = en.lproj/InfoPlist.strings; sourceTree = "<group>"; };
		DE260B271824A618000CFFEF /* SuperUIviewTests.m */ = {isa = PBXFileReference; lastKnownFileType = sourcecode.c.objc; path = SuperUIviewTests.m; sourceTree = "<group>"; };
		DE260B331824A944000CFFEF /* ViewController.h */ = {isa = PBXFileReference; fileEncoding = 4; lastKnownFileType = sourcecode.c.h; path = ViewController.h; sourceTree = "<group>"; };
		DE260B341824A944000CFFEF /* ViewController.m */ = {isa = PBXFileReference; fileEncoding = 4; lastKnownFileType = sourcecode.c.objc; path = ViewController.m; sourceTree = "<group>"; };
		DE9E1BC01824FDC800226B70 /* Mario.png */ = {isa = PBXFileReference; lastKnownFileType = image.png; path = Mario.png; sourceTree = "<group>"; };
		DE9E1BC21825023200226B70 /* ViewController2.h */ = {isa = PBXFileReference; fileEncoding = 4; lastKnownFileType = sourcecode.c.h; path = ViewController2.h; sourceTree = "<group>"; };
		DE9E1BC31825023200226B70 /* ViewController2.m */ = {isa = PBXFileReference; fileEncoding = 4; lastKnownFileType = sourcecode.c.objc; path = ViewController2.m; sourceTree = "<group>"; };
		DE9E1BC918250FF000226B70 /* ball1.png */ = {isa = PBXFileReference; lastKnownFileType = image.png; path = ball1.png; sourceTree = "<group>"; };
		DEA0F0E41825A42D00094A68 /* ball2.png */ = {isa = PBXFileReference; lastKnownFileType = image.png; path = ball2.png; sourceTree = "<group>"; };
/* End PBXFileReference section */

/* Begin PBXFrameworksBuildPhase section */
		DE260AFC1824A618000CFFEF /* Frameworks */ = {
			isa = PBXFrameworksBuildPhase;
			buildActionMask = 2147483647;
			files = (
				DE260B051824A618000CFFEF /* CoreGraphics.framework in Frameworks */,
				DE260B071824A618000CFFEF /* UIKit.framework in Frameworks */,
				DE260B031824A618000CFFEF /* Foundation.framework in Frameworks */,
			);
			runOnlyForDeploymentPostprocessing = 0;
		};
		DE260B171824A618000CFFEF /* Frameworks */ = {
			isa = PBXFrameworksBuildPhase;
			buildActionMask = 2147483647;
			files = (
				DE260B1C1824A618000CFFEF /* XCTest.framework in Frameworks */,
				DE260B1E1824A618000CFFEF /* UIKit.framework in Frameworks */,
				DE260B1D1824A618000CFFEF /* Foundation.framework in Frameworks */,
			);
			runOnlyForDeploymentPostprocessing = 0;
		};
/* End PBXFrameworksBuildPhase section */

/* Begin PBXGroup section */
		DE260AF61824A618000CFFEF = {
			isa = PBXGroup;
			children = (
				DE260B081824A618000CFFEF /* SuperUIview */,
				DE260B211824A618000CFFEF /* SuperUIviewTests */,
				DE260B011824A618000CFFEF /* Frameworks */,
				DE260B001824A618000CFFEF /* Products */,
			);
			sourceTree = "<group>";
		};
		DE260B001824A618000CFFEF /* Products */ = {
			isa = PBXGroup;
			children = (
				DE260AFF1824A618000CFFEF /* SuperUIview.app */,
				DE260B1A1824A618000CFFEF /* SuperUIviewTests.xctest */,
			);
			name = Products;
			sourceTree = "<group>";
		};
		DE260B011824A618000CFFEF /* Frameworks */ = {
			isa = PBXGroup;
			children = (
				DE260B021824A618000CFFEF /* Foundation.framework */,
				DE260B041824A618000CFFEF /* CoreGraphics.framework */,
				DE260B061824A618000CFFEF /* UIKit.framework */,
				DE260B1B1824A618000CFFEF /* XCTest.framework */,
			);
			name = Frameworks;
			sourceTree = "<group>";
		};
		DE260B081824A618000CFFEF /* SuperUIview */ = {
			isa = PBXGroup;
			children = (
				DEA0F0E41825A42D00094A68 /* ball2.png */,
				DE9E1BC918250FF000226B70 /* ball1.png */,
				DE9E1BC01824FDC800226B70 /* Mario.png */,
				DE1E4C781824D53C005B51E4 /* grass.jpg */,
				DE1E4C761824BEC1005B51E4 /* main.storyboard */,
				DE260B111824A618000CFFEF /* AppDelegate.h */,
				DE260B121824A618000CFFEF /* AppDelegate.m */,
				DE260B331824A944000CFFEF /* ViewController.h */,
				DE260B341824A944000CFFEF /* ViewController.m */,
				DE9E1BC21825023200226B70 /* ViewController2.h */,
				DE9E1BC31825023200226B70 /* ViewController2.m */,
				DE260B141824A618000CFFEF /* Images.xcassets */,
				DE260B091824A618000CFFEF /* Supporting Files */,
			);
			path = SuperUIview;
			sourceTree = "<group>";
		};
		DE260B091824A618000CFFEF /* Supporting Files */ = {
			isa = PBXGroup;
			children = (
				DE260B0A1824A618000CFFEF /* SuperUIview-Info.plist */,
				DE260B0B1824A618000CFFEF /* InfoPlist.strings */,
				DE260B0E1824A618000CFFEF /* main.m */,
				DE260B101824A618000CFFEF /* SuperUIview-Prefix.pch */,
			);
			name = "Supporting Files";
			sourceTree = "<group>";
		};
		DE260B211824A618000CFFEF /* SuperUIviewTests */ = {
			isa = PBXGroup;
			children = (
				DE260B271824A618000CFFEF /* SuperUIviewTests.m */,
				DE260B221824A618000CFFEF /* Supporting Files */,
			);
			path = SuperUIviewTests;
			sourceTree = "<group>";
		};
		DE260B221824A618000CFFEF /* Supporting Files */ = {
			isa = PBXGroup;
			children = (
				DE260B231824A618000CFFEF /* SuperUIviewTests-Info.plist */,
				DE260B241824A618000CFFEF /* InfoPlist.strings */,
			);
			name = "Supporting Files";
			sourceTree = "<group>";
		};
/* End PBXGroup section */

/* Begin PBXNativeTarget section */
		DE260AFE1824A618000CFFEF /* SuperUIview */ = {
			isa = PBXNativeTarget;
			buildConfigurationList = DE260B2B1824A618000CFFEF /* Build configuration list for PBXNativeTarget "SuperUIview" */;
			buildPhases = (
				DE260AFB1824A618000CFFEF /* Sources */,
				DE260AFC1824A618000CFFEF /* Frameworks */,
				DE260AFD1824A618000CFFEF /* Resources */,
			);
			buildRules = (
			);
			dependencies = (
			);
			name = SuperUIview;
			productName = SuperUIview;
			productReference = DE260AFF1824A618000CFFEF /* SuperUIview.app */;
			productType = "com.apple.product-type.application";
		};
		DE260B191824A618000CFFEF /* SuperUIviewTests */ = {
			isa = PBXNativeTarget;
			buildConfigurationList = DE260B2E1824A618000CFFEF /* Build configuration list for PBXNativeTarget "SuperUIviewTests" */;
			buildPhases = (
				DE260B161824A618000CFFEF /* Sources */,
				DE260B171824A618000CFFEF /* Frameworks */,
				DE260B181824A618000CFFEF /* Resources */,
			);
			buildRules = (
			);
			dependencies = (
				DE260B201824A618000CFFEF /* PBXTargetDependency */,
			);
			name = SuperUIviewTests;
			productName = SuperUIviewTests;
			productReference = DE260B1A1824A618000CFFEF /* SuperUIviewTests.xctest */;
			productType = "com.apple.product-type.bundle.unit-test";
		};
/* End PBXNativeTarget section */

/* Begin PBXProject section */
		DE260AF71824A618000CFFEF /* Project object */ = {
			isa = PBXProject;
			attributes = {
				LastUpgradeCheck = 0500;
				ORGANIZATIONNAME = "Pham Quang Huy";
				TargetAttributes = {
					DE260B191824A618000CFFEF = {
						TestTargetID = DE260AFE1824A618000CFFEF;
					};
				};
			};
			buildConfigurationList = DE260AFA1824A618000CFFEF /* Build configuration list for PBXProject "SuperUIview" */;
			compatibilityVersion = "Xcode 3.2";
			developmentRegion = English;
			hasScannedForEncodings = 0;
			knownRegions = (
				en,
			);
			mainGroup = DE260AF61824A618000CFFEF;
			productRefGroup = DE260B001824A618000CFFEF /* Products */;
			projectDirPath = "";
			projectRoot = "";
			targets = (
				DE260AFE1824A618000CFFEF /* SuperUIview */,
				DE260B191824A618000CFFEF /* SuperUIviewTests */,
			);
		};
/* End PBXProject section */

/* Begin PBXResourcesBuildPhase section */
		DE260AFD1824A618000CFFEF /* Resources */ = {
			isa = PBXResourcesBuildPhase;
			buildActionMask = 2147483647;
			files = (
				DE9E1BCA18250FF000226B70 /* ball1.png in Resources */,
				DE1E4C791824D53C005B51E4 /* grass.jpg in Resources */,
				DE260B0D1824A618000CFFEF /* InfoPlist.strings in Resources */,
				DE1E4C771824BEC1005B51E4 /* main.storyboard in Resources */,
				DE9E1BC11824FDC800226B70 /* Mario.png in Resources */,
				DEA0F0E51825A42D00094A68 /* ball2.png in Resources */,
				DE260B151824A618000CFFEF /* Images.xcassets in Resources */,
			);
			runOnlyForDeploymentPostprocessing = 0;
		};
		DE260B181824A618000CFFEF /* Resources */ = {
			isa = PBXResourcesBuildPhase;
			buildActionMask = 2147483647;
			files = (
				DE260B261824A618000CFFEF /* InfoPlist.strings in Resources */,
			);
			runOnlyForDeploymentPostprocessing = 0;
		};
/* End PBXResourcesBuildPhase section */

/* Begin PBXSourcesBuildPhase section */
		DE260AFB1824A618000CFFEF /* Sources */ = {
			isa = PBXSourcesBuildPhase;
			buildActionMask = 2147483647;
			files = (
				DE260B361824A944000CFFEF /* ViewController.m in Sources */,
				DE9E1BC41825023200226B70 /* ViewController2.m in Sources */,
				DE260B131824A618000CFFEF /* AppDelegate.m in Sources */,
				DE260B0F1824A618000CFFEF /* main.m in Sources */,
			);
			runOnlyForDeploymentPostprocessing = 0;
		};
		DE260B161824A618000CFFEF /* Sources */ = {
			isa = PBXSourcesBuildPhase;
			buildActionMask = 2147483647;
			files = (
				DE260B281824A618000CFFEF /* SuperUIviewTests.m in Sources */,
			);
			runOnlyForDeploymentPostprocessing = 0;
		};
/* End PBXSourcesBuildPhase section */

/* Begin PBXTargetDependency section */
		DE260B201824A618000CFFEF /* PBXTargetDependency */ = {
			isa = PBXTargetDependency;
			target = DE260AFE1824A618000CFFEF /* SuperUIview */;
			targetProxy = DE260B1F1824A618000CFFEF /* PBXContainerItemProxy */;
		};
/* End PBXTargetDependency section */

/* Begin PBXVariantGroup section */
		DE260B0B1824A618000CFFEF /* InfoPlist.strings */ = {
			isa = PBXVariantGroup;
			children = (
				DE260B0C1824A618000CFFEF /* en */,
			);
			name = InfoPlist.strings;
			sourceTree = "<group>";
		};
		DE260B241824A618000CFFEF /* InfoPlist.strings */ = {
			isa = PBXVariantGroup;
			children = (
				DE260B251824A618000CFFEF /* en */,
			);
			name = InfoPlist.strings;
			sourceTree = "<group>";
		};
/* End PBXVariantGroup section */

/* Begin XCBuildConfiguration section */
		DE260B291824A618000CFFEF /* Debug */ = {
			isa = XCBuildConfiguration;
			buildSettings = {
				ALWAYS_SEARCH_USER_PATHS = NO;
				ARCHS = "$(ARCHS_STANDARD_INCLUDING_64_BIT)";
				CLANG_CXX_LANGUAGE_STANDARD = "gnu++0x";
				CLANG_CXX_LIBRARY = "libc++";
				CLANG_ENABLE_MODULES = YES;
				CLANG_ENABLE_OBJC_ARC = YES;
				CLANG_WARN_BOOL_CONVERSION = YES;
				CLANG_WARN_CONSTANT_CONVERSION = YES;
				CLANG_WARN_DIRECT_OBJC_ISA_USAGE = YES_ERROR;
				CLANG_WARN_EMPTY_BODY = YES;
				CLANG_WARN_ENUM_CONVERSION = YES;
				CLANG_WARN_INT_CONVERSION = YES;
				CLANG_WARN_OBJC_ROOT_CLASS = YES_ERROR;
				CLANG_WARN__DUPLICATE_METHOD_MATCH = YES;
				"CODE_SIGN_IDENTITY[sdk=iphoneos*]" = "iPhone Developer";
				COPY_PHASE_STRIP = NO;
				GCC_C_LANGUAGE_STANDARD = gnu99;
				GCC_DYNAMIC_NO_PIC = NO;
				GCC_OPTIMIZATION_LEVEL = 0;
				GCC_PREPROCESSOR_DEFINITIONS = (
					"DEBUG=1",
					"$(inherited)",
				);
				GCC_SYMBOLS_PRIVATE_EXTERN = NO;
				GCC_WARN_64_TO_32_BIT_CONVERSION = YES;
				GCC_WARN_ABOUT_RETURN_TYPE = YES_ERROR;
				GCC_WARN_UNDECLARED_SELECTOR = YES;
				GCC_WARN_UNINITIALIZED_AUTOS = YES;
				GCC_WARN_UNUSED_FUNCTION = YES;
				GCC_WARN_UNUSED_VARIABLE = YES;
				IPHONEOS_DEPLOYMENT_TARGET = 7.0;
				ONLY_ACTIVE_ARCH = YES;
				SDKROOT = iphoneos;
			};
			name = Debug;
		};
		DE260B2A1824A618000CFFEF /* Release */ = {
			isa = XCBuildConfiguration;
			buildSettings = {
				ALWAYS_SEARCH_USER_PATHS = NO;
				ARCHS = "$(ARCHS_STANDARD_INCLUDING_64_BIT)";
				CLANG_CXX_LANGUAGE_STANDARD = "gnu++0x";
				CLANG_CXX_LIBRARY = "libc++";
				CLANG_ENABLE_MODULES = YES;
				CLANG_ENABLE_OBJC_ARC = YES;
				CLANG_WARN_BOOL_CONVERSION = YES;
				CLANG_WARN_CONSTANT_CONVERSION = YES;
				CLANG_WARN_DIRECT_OBJC_ISA_USAGE = YES_ERROR;
				CLANG_WARN_EMPTY_BODY = YES;
				CLANG_WARN_ENUM_CONVERSION = YES;
				CLANG_WARN_INT_CONVERSION = YES;
				CLANG_WARN_OBJC_ROOT_CLASS = YES_ERROR;
				CLANG_WARN__DUPLICATE_METHOD_MATCH = YES;
				"CODE_SIGN_IDENTITY[sdk=iphoneos*]" = "iPhone Developer";
				COPY_PHASE_STRIP = YES;
				ENABLE_NS_ASSERTIONS = NO;
				GCC_C_LANGUAGE_STANDARD = gnu99;
				GCC_WARN_64_TO_32_BIT_CONVERSION = YES;
				GCC_WARN_ABOUT_RETURN_TYPE = YES_ERROR;
				GCC_WARN_UNDECLARED_SELECTOR = YES;
				GCC_WARN_UNINITIALIZED_AUTOS = YES;
				GCC_WARN_UNUSED_FUNCTION = YES;
				GCC_WARN_UNUSED_VARIABLE = YES;
				IPHONEOS_DEPLOYMENT_TARGET = 7.0;
				SDKROOT = iphoneos;
				VALIDATE_PRODUCT = YES;
			};
			name = Release;
		};
		DE260B2C1824A618000CFFEF /* Debug */ = {
			isa = XCBuildConfiguration;
			buildSettings = {
				ASSETCATALOG_COMPILER_APPICON_NAME = AppIcon;
				ASSETCATALOG_COMPILER_LAUNCHIMAGE_NAME = LaunchImage;
				GCC_PRECOMPILE_PREFIX_HEADER = YES;
				GCC_PREFIX_HEADER = "SuperUIview/SuperUIview-Prefix.pch";
				INFOPLIST_FILE = "SuperUIview/SuperUIview-Info.plist";
				PRODUCT_NAME = "$(TARGET_NAME)";
				WRAPPER_EXTENSION = app;
			};
			name = Debug;
		};
		DE260B2D1824A618000CFFEF /* Release */ = {
			isa = XCBuildConfiguration;
			buildSettings = {
				ASSETCATALOG_COMPILER_APPICON_NAME = AppIcon;
				ASSETCATALOG_COMPILER_LAUNCHIMAGE_NAME = LaunchImage;
				GCC_PRECOMPILE_PREFIX_HEADER = YES;
				GCC_PREFIX_HEADER = "SuperUIview/SuperUIview-Prefix.pch";
				INFOPLIST_FILE = "SuperUIview/SuperUIview-Info.plist";
				PRODUCT_NAME = "$(TARGET_NAME)";
				WRAPPER_EXTENSION = app;
			};
			name = Release;
		};
		DE260B2F1824A618000CFFEF /* Debug */ = {
			isa = XCBuildConfiguration;
			buildSettings = {
				ARCHS = "$(ARCHS_STANDARD_INCLUDING_64_BIT)";
				BUNDLE_LOADER = "$(BUILT_PRODUCTS_DIR)/SuperUIview.app/SuperUIview";
				FRAMEWORK_SEARCH_PATHS = (
					"$(SDKROOT)/Developer/Library/Frameworks",
					"$(inherited)",
					"$(DEVELOPER_FRAMEWORKS_DIR)",
				);
				GCC_PRECOMPILE_PREFIX_HEADER = YES;
				GCC_PREFIX_HEADER = "SuperUIview/SuperUIview-Prefix.pch";
				GCC_PREPROCESSOR_DEFINITIONS = (
					"DEBUG=1",
					"$(inherited)",
				);
				INFOPLIST_FILE = "SuperUIviewTests/SuperUIviewTests-Info.plist";
				PRODUCT_NAME = "$(TARGET_NAME)";
				TEST_HOST = "$(BUNDLE_LOADER)";
				WRAPPER_EXTENSION = xctest;
			};
			name = Debug;
		};
		DE260B301824A618000CFFEF /* Release */ = {
			isa = XCBuildConfiguration;
			buildSettings = {
				ARCHS = "$(ARCHS_STANDARD_INCLUDING_64_BIT)";
				BUNDLE_LOADER = "$(BUILT_PRODUCTS_DIR)/SuperUIview.app/SuperUIview";
				FRAMEWORK_SEARCH_PATHS = (
					"$(SDKROOT)/Developer/Library/Frameworks",
					"$(inherited)",
					"$(DEVELOPER_FRAMEWORKS_DIR)",
				);
				GCC_PRECOMPILE_PREFIX_HEADER = YES;
				GCC_PREFIX_HEADER = "SuperUIview/SuperUIview-Prefix.pch";
				INFOPLIST_FILE = "SuperUIviewTests/SuperUIviewTests-Info.plist";
				PRODUCT_NAME = "$(TARGET_NAME)";
				TEST_HOST = "$(BUNDLE_LOADER)";
				WRAPPER_EXTENSION = xctest;
			};
			name = Release;
		};
/* End XCBuildConfiguration section */

/* Begin XCConfigurationList section */
		DE260AFA1824A618000CFFEF /* Build configuration list for PBXProject "SuperUIview" */ = {
			isa = XCConfigurationList;
			buildConfigurations = (
				DE260B291824A618000CFFEF /* Debug */,
				DE260B2A1824A618000CFFEF /* Release */,
			);
			defaultConfigurationIsVisible = 0;
			defaultConfigurationName = Release;
		};
		DE260B2B1824A618000CFFEF /* Build configuration list for PBXNativeTarget "SuperUIview" */ = {
			isa = XCConfigurationList;
			buildConfigurations = (
				DE260B2C1824A618000CFFEF /* Debug */,
				DE260B2D1824A618000CFFEF /* Release */,
			);
			defaultConfigurationIsVisible = 0;
			defaultConfigurationName = Release;
		};
		DE260B2E1824A618000CFFEF /* Build configuration list for PBXNativeTarget "SuperUIviewTests" */ = {
			isa = XCConfigurationList;
			buildConfigurations = (
				DE260B2F1824A618000CFFEF /* Debug */,
				DE260B301824A618000CFFEF /* Release */,
			);
			defaultConfigurationIsVisible = 0;
			defaultConfigurationName = Release;
		};
/* End XCConfigurationList section */
	};
	rootObject = DE260AF71824A618000CFFEF /* Project object */;
}
